
Microsoft Visual Studio Solution File, Format Version 12.00
# Visual Studio Version 17
VisualStudioVersion = 17.14.36429.23 d17.14
MinimumVisualStudioVersion = 10.0.40219.1
Project("{FAE04EC0-301F-11D3-BF4B-00C04F79EFBC}") = "StudentViolationApplication", "StudentViolationApplication.csproj", "{241A2A99-886E-4004-BF6D-039207BD051F}"
EndProject
Global
	GlobalSection(SolutionConfigurationPlatforms) = preSolution
		Debug|Any CPU = Debug|Any CPU
		Release|Any CPU = Release|Any CPU
	EndGlobalSection
	GlobalSection(ProjectConfigurationPlatforms) = postSolution
		{241A2A99-886E-4004-BF6D-039207BD051F}.Debug|Any CPU.ActiveCfg = Debug|Any CPU
		{241A2A99-886E-4004-BF6D-039207BD051F}.Debug|Any CPU.Build.0 = Debug|Any CPU
		{241A2A99-886E-4004-BF6D-039207BD051F}.Release|Any CPU.ActiveCfg = Release|Any CPU
		{241A2A99-886E-4004-BF6D-039207BD051F}.Release|Any CPU.Build.0 = Release|Any CPU
	EndGlobalSection
	GlobalSection(SolutionProperties) = preSolution
		HideSolutionNode = FALSE
	EndGlobalSection
	GlobalSection(ExtensibilityGlobals) = postSolution
		SolutionGuid = {89FF7903-838E-4A77-B148-8E26648939F7}
	EndGlobalSection
EndGlobal
